
Microsoft Visual Studio Solution File, Format Version 12.00
# Visual Studio Version 16
VisualStudioVersion = 16.0.29411.108
MinimumVisualStudioVersion = 10.0.40219.1
Project("{9A19103F-16F7-4668-BE54-9A1E7A4F7556}") = "IronstoneCore", "IronstoneCore\IronstoneCore\IronstoneCore.csproj", "{A3BFA507-A2C4-4C33-943B-6083133EE63C}"
EndProject
Project("{9A19103F-16F7-4668-BE54-9A1E7A4F7556}") = "IronstoneCoreUI", "IronstoneCore\IronstoneCoreUI\IronstoneCoreUI.csproj", "{AC79C0AE-544A-4CB5-8FB7-665754BDEA9F}"
EndProject
Project("{2150E333-8FDC-42A3-9474-1A3956D46DE8}") = "Housing Module", "Housing Module", "{4E6AA5A3-E1D8-47FA-A656-3DC19971F864}"
EndProject
Project("{2150E333-8FDC-42A3-9474-1A3956D46DE8}") = "Support Libraries", "Support Libraries", "{93F571F0-26F4-404F-BE33-9323A69D4726}"
EndProject
Project("{2150E333-8FDC-42A3-9474-1A3956D46DE8}") = "Core", "Core", "{5C7C0C5D-4AA8-4D36-A0CD-694F138FFA52}"
EndProject
Project("{2150E333-8FDC-42A3-9474-1A3956D46DE8}") = "Structures Module", "Structures Module", "{2B35770D-2956-499D-B949-1FC2F03ABEAA}"
EndProject
Project("{9A19103F-16F7-4668-BE54-9A1E7A4F7556}") = "IronstoneCoreTests", "IronstoneCore\IronstoneCoreTests\IronstoneCoreTests.csproj", "{1F8281CB-B208-45D3-A8CA-CDED34C48636}"
EndProject
Project("{2150E333-8FDC-42A3-9474-1A3956D46DE8}") = "Tests", "Tests", "{4A23EDAC-FC39-4E1D-8A80-C8E9023D0E55}"
EndProject
Project("{2150E333-8FDC-42A3-9474-1A3956D46DE8}") = "Installers", "Installers", "{0F373112-E87A-4558-813A-2D0B939F7081}"
EndProject
Project("{9A19103F-16F7-4668-BE54-9A1E7A4F7556}") = "HousingObjectModel", "IronstoneObjectModel\Housing\HousingObjectModel.csproj", "{4D333FFB-1A94-441F-BD8E-753277471DA1}"
EndProject
Project("{9A19103F-16F7-4668-BE54-9A1E7A4F7556}") = "StructuresObjectModel", "IronstoneObjectModel\Structures\StructuresObjectModel.csproj", "{9BF63A2E-9B5F-4E03-B6BD-A29F0A42350C}"
EndProject
Project("{9A19103F-16F7-4668-BE54-9A1E7A4F7556}") = "DesignCalculations.Calculations", "DesignCalculations\src\DesignCalculations.Calculations\DesignCalculations.Calculations.csproj", "{E98AF1DF-EF2B-49CA-8A13-2B549FD7167A}"
EndProject
Project("{2150E333-8FDC-42A3-9474-1A3956D46DE8}") = "Tests", "Tests", "{AF782F2C-2CC8-4484-93C3-DC73939B598A}"
EndProject
Project("{9A19103F-16F7-4668-BE54-9A1E7A4F7556}") = "StructuresObjectModelTests", "IronstoneObjectModel\StructuresTests\StructuresObjectModelTests.csproj", "{0CBD1FDB-1A05-4A7B-8CD9-E9B265F474FA}"
EndProject
Project("{2150E333-8FDC-42A3-9474-1A3956D46DE8}") = "Tests", "Tests", "{EFA3E9B1-25DD-448D-903B-4755D46377DA}"
EndProject
Project("{9A19103F-16F7-4668-BE54-9A1E7A4F7556}") = "DesignCalculations.Calculations.Tests", "DesignCalculations\tests\DesignCalculations.Calculations.Tests\DesignCalculations.Calculations.Tests.csproj", "{888C77B0-A746-40AF-B98A-DBF51B025675}"
EndProject
Project("{2150E333-8FDC-42A3-9474-1A3956D46DE8}") = "Tests", "Tests", "{DF127511-4D29-499D-B6DA-7676C84D2433}"
EndProject
Project("{9A19103F-16F7-4668-BE54-9A1E7A4F7556}") = "HousingObjectModelTests", "IronstoneObjectModel\HousingTests\HousingObjectModelTests.csproj", "{FA47A4E1-EB61-4C39-A3B6-F7AF9612FD3C}"
EndProject
Project("{2150E333-8FDC-42A3-9474-1A3956D46DE8}") = "Draughter", "Draughter", "{27E5137F-425A-4B56-AF32-C73C2B4FA7FC}"
EndProject
Project("{9A19103F-16F7-4668-BE54-9A1E7A4F7556}") = "Draughter", "IronstoneDrafter\Draughter.csproj", "{3E2BE099-B47E-43C8-8E75-6F334C8C92DB}"
EndProject
Project("{9A19103F-16F7-4668-BE54-9A1E7A4F7556}") = "BackgroundPipeline", "BackgroundPipeline\src\BackgroundPipeline\BackgroundPipeline.csproj", "{45320FBD-54A5-4AC1-A513-A33DCDF7FED5}"
EndProject
Project("{9A19103F-16F7-4668-BE54-9A1E7A4F7556}") = "BackgroundPipeline.Autocad", "BackgroundPipeline\src\BackgroundPipeline.Autocad\BackgroundPipeline.Autocad.csproj", "{53FFCC38-9529-46C8-93BC-AC6C5281DAAD}"
EndProject
Project("{9A19103F-16F7-4668-BE54-9A1E7A4F7556}") = "Draughter.TaskPayloads", "IronstoneDrafter\Draughter.TaskPayloads\Draughter.TaskPayloads.csproj", "{96383118-323C-4A6C-9084-E356DA93F7B1}"
EndProject
Project("{9A19103F-16F7-4668-BE54-9A1E7A4F7556}") = "Draughter.TaskPayloads.Concretes", "IronstoneDrafter\Draughter.TaskPayloads.Concretes\Draughter.TaskPayloads.Concretes.csproj", "{0445A55E-8C31-4DC1-96DF-C2C99C95C7CB}"
EndProject
Project("{2150E333-8FDC-42A3-9474-1A3956D46DE8}") = "Document Management Module", "Document Management Module", "{5BFC964C-5177-4A7A-802F-F45232E1C35F}"
EndProject
Project("{9A19103F-16F7-4668-BE54-9A1E7A4F7556}") = "DocumentManagementObjectModel", "IronstoneObjectModel\DocumentManagement\DocumentManagementObjectModel.csproj", "{0A905F9C-78F0-4F0C-9204-5E96F9F4C728}"
EndProject
Project("{9A19103F-16F7-4668-BE54-9A1E7A4F7556}") = "Common", "Common\src\Common\Common.csproj", "{911A9ECC-5AAF-4927-A708-0AF686E05932}"
EndProject
Project("{9A19103F-16F7-4668-BE54-9A1E7A4F7556}") = "ProjectDocuments", "ProjectDocuments\src\ProjectDocuments\ProjectDocuments.csproj", "{BCAD5D2B-5A5C-4F69-A59D-50BE37E572DB}"
EndProject
Project("{9A19103F-16F7-4668-BE54-9A1E7A4F7556}") = "ProjectDocuments.Tests", "ProjectDocuments\tests\ProjectDocuments.Tests\ProjectDocuments.Tests.csproj", "{E036AEBA-B993-4A48-853B-A51C673ED023}"
EndProject
Project("{9A19103F-16F7-4668-BE54-9A1E7A4F7556}") = "Structures", "IronstoneStructures\Structures\Structures.csproj", "{E6989382-8F3C-4201-AB77-F739CC412351}"
EndProject
Global
	GlobalSection(SolutionConfigurationPlatforms) = preSolution
		DebugLocal 2019|x64 = DebugLocal 2019|x64
		DebugLocal 2021|x64 = DebugLocal 2021|x64
		ReleaseLocal 2019|x64 = ReleaseLocal 2019|x64
		ReleaseLocal 2020|x64 = ReleaseLocal 2020|x64
		ReleaseLocal 2021|x64 = ReleaseLocal 2021|x64
		ReleaseLocal 2022|x64 = ReleaseLocal 2022|x64
	EndGlobalSection
	GlobalSection(ProjectConfigurationPlatforms) = postSolution
		{A3BFA507-A2C4-4C33-943B-6083133EE63C}.DebugLocal 2019|x64.ActiveCfg = DebugLocal 2019|x64
		{A3BFA507-A2C4-4C33-943B-6083133EE63C}.DebugLocal 2019|x64.Build.0 = DebugLocal 2019|x64
		{A3BFA507-A2C4-4C33-943B-6083133EE63C}.DebugLocal 2021|x64.ActiveCfg = DebugLocal 2021|x64
		{A3BFA507-A2C4-4C33-943B-6083133EE63C}.DebugLocal 2021|x64.Build.0 = DebugLocal 2021|x64
		{A3BFA507-A2C4-4C33-943B-6083133EE63C}.ReleaseLocal 2019|x64.ActiveCfg = ReleaseLocal 2019|x64
		{A3BFA507-A2C4-4C33-943B-6083133EE63C}.ReleaseLocal 2019|x64.Build.0 = ReleaseLocal 2019|x64
		{A3BFA507-A2C4-4C33-943B-6083133EE63C}.ReleaseLocal 2020|x64.ActiveCfg = ReleaseLocal 2020|x64
		{A3BFA507-A2C4-4C33-943B-6083133EE63C}.ReleaseLocal 2020|x64.Build.0 = ReleaseLocal 2020|x64
		{A3BFA507-A2C4-4C33-943B-6083133EE63C}.ReleaseLocal 2021|x64.ActiveCfg = ReleaseLocal 2021|x64
		{A3BFA507-A2C4-4C33-943B-6083133EE63C}.ReleaseLocal 2021|x64.Build.0 = ReleaseLocal 2021|x64
		{A3BFA507-A2C4-4C33-943B-6083133EE63C}.ReleaseLocal 2022|x64.ActiveCfg = ReleaseLocal 2022|x64
		{A3BFA507-A2C4-4C33-943B-6083133EE63C}.ReleaseLocal 2022|x64.Build.0 = ReleaseLocal 2022|x64
		{AC79C0AE-544A-4CB5-8FB7-665754BDEA9F}.DebugLocal 2019|x64.ActiveCfg = DebugLocal 2019|x64
		{AC79C0AE-544A-4CB5-8FB7-665754BDEA9F}.DebugLocal 2019|x64.Build.0 = DebugLocal 2019|x64
		{AC79C0AE-544A-4CB5-8FB7-665754BDEA9F}.DebugLocal 2021|x64.ActiveCfg = DebugLocal 2021|x64
		{AC79C0AE-544A-4CB5-8FB7-665754BDEA9F}.DebugLocal 2021|x64.Build.0 = DebugLocal 2021|x64
		{AC79C0AE-544A-4CB5-8FB7-665754BDEA9F}.ReleaseLocal 2019|x64.ActiveCfg = ReleaseLocal 2019|x64
		{AC79C0AE-544A-4CB5-8FB7-665754BDEA9F}.ReleaseLocal 2019|x64.Build.0 = ReleaseLocal 2019|x64
		{AC79C0AE-544A-4CB5-8FB7-665754BDEA9F}.ReleaseLocal 2020|x64.ActiveCfg = ReleaseLocal 2020|x64
		{AC79C0AE-544A-4CB5-8FB7-665754BDEA9F}.ReleaseLocal 2020|x64.Build.0 = ReleaseLocal 2020|x64
		{AC79C0AE-544A-4CB5-8FB7-665754BDEA9F}.ReleaseLocal 2021|x64.ActiveCfg = ReleaseLocal 2021|x64
		{AC79C0AE-544A-4CB5-8FB7-665754BDEA9F}.ReleaseLocal 2021|x64.Build.0 = ReleaseLocal 2021|x64
		{AC79C0AE-544A-4CB5-8FB7-665754BDEA9F}.ReleaseLocal 2022|x64.ActiveCfg = ReleaseLocal 2022|x64
		{AC79C0AE-544A-4CB5-8FB7-665754BDEA9F}.ReleaseLocal 2022|x64.Build.0 = ReleaseLocal 2022|x64
		{1F8281CB-B208-45D3-A8CA-CDED34C48636}.DebugLocal 2019|x64.ActiveCfg = DebugLocal 2019|x64
		{1F8281CB-B208-45D3-A8CA-CDED34C48636}.DebugLocal 2019|x64.Build.0 = DebugLocal 2019|x64
		{1F8281CB-B208-45D3-A8CA-CDED34C48636}.DebugLocal 2021|x64.ActiveCfg = DebugLocal 2021|x64
		{1F8281CB-B208-45D3-A8CA-CDED34C48636}.DebugLocal 2021|x64.Build.0 = DebugLocal 2021|x64
		{1F8281CB-B208-45D3-A8CA-CDED34C48636}.ReleaseLocal 2019|x64.ActiveCfg = ReleaseLocal 2019|x64
		{1F8281CB-B208-45D3-A8CA-CDED34C48636}.ReleaseLocal 2019|x64.Build.0 = ReleaseLocal 2019|x64
		{1F8281CB-B208-45D3-A8CA-CDED34C48636}.ReleaseLocal 2020|x64.ActiveCfg = ReleaseLocal 2020|x64
		{1F8281CB-B208-45D3-A8CA-CDED34C48636}.ReleaseLocal 2020|x64.Build.0 = ReleaseLocal 2020|x64
		{1F8281CB-B208-45D3-A8CA-CDED34C48636}.ReleaseLocal 2021|x64.ActiveCfg = ReleaseLocal 2021|x64
		{1F8281CB-B208-45D3-A8CA-CDED34C48636}.ReleaseLocal 2021|x64.Build.0 = ReleaseLocal 2021|x64
		{1F8281CB-B208-45D3-A8CA-CDED34C48636}.ReleaseLocal 2022|x64.ActiveCfg = ReleaseLocal 2022|x64
		{1F8281CB-B208-45D3-A8CA-CDED34C48636}.ReleaseLocal 2022|x64.Build.0 = ReleaseLocal 2022|x64
		{4D333FFB-1A94-441F-BD8E-753277471DA1}.DebugLocal 2019|x64.ActiveCfg = DebugLocal 2019|x64
		{4D333FFB-1A94-441F-BD8E-753277471DA1}.DebugLocal 2019|x64.Build.0 = DebugLocal 2019|x64
		{4D333FFB-1A94-441F-BD8E-753277471DA1}.DebugLocal 2021|x64.ActiveCfg = DebugLocal 2021|x64
		{4D333FFB-1A94-441F-BD8E-753277471DA1}.DebugLocal 2021|x64.Build.0 = DebugLocal 2021|x64
		{4D333FFB-1A94-441F-BD8E-753277471DA1}.ReleaseLocal 2019|x64.ActiveCfg = ReleaseLocal 2019|x64
		{4D333FFB-1A94-441F-BD8E-753277471DA1}.ReleaseLocal 2019|x64.Build.0 = ReleaseLocal 2019|x64
		{4D333FFB-1A94-441F-BD8E-753277471DA1}.ReleaseLocal 2020|x64.ActiveCfg = ReleaseLocal 2020|x64
		{4D333FFB-1A94-441F-BD8E-753277471DA1}.ReleaseLocal 2020|x64.Build.0 = ReleaseLocal 2020|x64
		{4D333FFB-1A94-441F-BD8E-753277471DA1}.ReleaseLocal 2021|x64.ActiveCfg = ReleaseLocal 2021|x64
		{4D333FFB-1A94-441F-BD8E-753277471DA1}.ReleaseLocal 2021|x64.Build.0 = ReleaseLocal 2021|x64
		{4D333FFB-1A94-441F-BD8E-753277471DA1}.ReleaseLocal 2022|x64.ActiveCfg = ReleaseLocal 2022|x64
		{4D333FFB-1A94-441F-BD8E-753277471DA1}.ReleaseLocal 2022|x64.Build.0 = ReleaseLocal 2022|x64
		{9BF63A2E-9B5F-4E03-B6BD-A29F0A42350C}.DebugLocal 2019|x64.ActiveCfg = DebugLocal 2019|x64
		{9BF63A2E-9B5F-4E03-B6BD-A29F0A42350C}.DebugLocal 2019|x64.Build.0 = DebugLocal 2019|x64
		{9BF63A2E-9B5F-4E03-B6BD-A29F0A42350C}.DebugLocal 2021|x64.ActiveCfg = DebugLocal 2021|x64
		{9BF63A2E-9B5F-4E03-B6BD-A29F0A42350C}.DebugLocal 2021|x64.Build.0 = DebugLocal 2021|x64
		{9BF63A2E-9B5F-4E03-B6BD-A29F0A42350C}.ReleaseLocal 2019|x64.ActiveCfg = ReleaseLocal 2019|x64
		{9BF63A2E-9B5F-4E03-B6BD-A29F0A42350C}.ReleaseLocal 2019|x64.Build.0 = ReleaseLocal 2019|x64
		{9BF63A2E-9B5F-4E03-B6BD-A29F0A42350C}.ReleaseLocal 2020|x64.ActiveCfg = ReleaseLocal 2020|x64
		{9BF63A2E-9B5F-4E03-B6BD-A29F0A42350C}.ReleaseLocal 2020|x64.Build.0 = ReleaseLocal 2020|x64
		{9BF63A2E-9B5F-4E03-B6BD-A29F0A42350C}.ReleaseLocal 2021|x64.ActiveCfg = ReleaseLocal 2021|x64
		{9BF63A2E-9B5F-4E03-B6BD-A29F0A42350C}.ReleaseLocal 2021|x64.Build.0 = ReleaseLocal 2021|x64
		{9BF63A2E-9B5F-4E03-B6BD-A29F0A42350C}.ReleaseLocal 2022|x64.ActiveCfg = ReleaseLocal 2022|x64
		{9BF63A2E-9B5F-4E03-B6BD-A29F0A42350C}.ReleaseLocal 2022|x64.Build.0 = ReleaseLocal 2022|x64
		{E98AF1DF-EF2B-49CA-8A13-2B549FD7167A}.DebugLocal 2019|x64.ActiveCfg = Debug|Any CPU
		{E98AF1DF-EF2B-49CA-8A13-2B549FD7167A}.DebugLocal 2019|x64.Build.0 = Debug|Any CPU
		{E98AF1DF-EF2B-49CA-8A13-2B549FD7167A}.DebugLocal 2021|x64.ActiveCfg = Debug|Any CPU
		{E98AF1DF-EF2B-49CA-8A13-2B549FD7167A}.DebugLocal 2021|x64.Build.0 = Debug|Any CPU
		{E98AF1DF-EF2B-49CA-8A13-2B549FD7167A}.ReleaseLocal 2019|x64.ActiveCfg = Release|Any CPU
		{E98AF1DF-EF2B-49CA-8A13-2B549FD7167A}.ReleaseLocal 2019|x64.Build.0 = Release|Any CPU
		{E98AF1DF-EF2B-49CA-8A13-2B549FD7167A}.ReleaseLocal 2020|x64.ActiveCfg = Release|Any CPU
		{E98AF1DF-EF2B-49CA-8A13-2B549FD7167A}.ReleaseLocal 2020|x64.Build.0 = Release|Any CPU
		{E98AF1DF-EF2B-49CA-8A13-2B549FD7167A}.ReleaseLocal 2021|x64.ActiveCfg = Release|Any CPU
		{E98AF1DF-EF2B-49CA-8A13-2B549FD7167A}.ReleaseLocal 2021|x64.Build.0 = Release|Any CPU
		{E98AF1DF-EF2B-49CA-8A13-2B549FD7167A}.ReleaseLocal 2022|x64.ActiveCfg = Release|Any CPU
		{E98AF1DF-EF2B-49CA-8A13-2B549FD7167A}.ReleaseLocal 2022|x64.Build.0 = Release|Any CPU
		{0CBD1FDB-1A05-4A7B-8CD9-E9B265F474FA}.DebugLocal 2019|x64.ActiveCfg = DebugLocal 2019|x64
		{0CBD1FDB-1A05-4A7B-8CD9-E9B265F474FA}.DebugLocal 2019|x64.Build.0 = DebugLocal 2019|x64
		{0CBD1FDB-1A05-4A7B-8CD9-E9B265F474FA}.DebugLocal 2021|x64.ActiveCfg = DebugLocal 2021|x64
		{0CBD1FDB-1A05-4A7B-8CD9-E9B265F474FA}.DebugLocal 2021|x64.Build.0 = DebugLocal 2021|x64
		{0CBD1FDB-1A05-4A7B-8CD9-E9B265F474FA}.ReleaseLocal 2019|x64.ActiveCfg = ReleaseLocal 2019|x64
		{0CBD1FDB-1A05-4A7B-8CD9-E9B265F474FA}.ReleaseLocal 2019|x64.Build.0 = ReleaseLocal 2019|x64
		{0CBD1FDB-1A05-4A7B-8CD9-E9B265F474FA}.ReleaseLocal 2020|x64.ActiveCfg = ReleaseLocal 2020|x64
		{0CBD1FDB-1A05-4A7B-8CD9-E9B265F474FA}.ReleaseLocal 2020|x64.Build.0 = ReleaseLocal 2020|x64
		{0CBD1FDB-1A05-4A7B-8CD9-E9B265F474FA}.ReleaseLocal 2021|x64.ActiveCfg = ReleaseLocal 2021|x64
		{0CBD1FDB-1A05-4A7B-8CD9-E9B265F474FA}.ReleaseLocal 2021|x64.Build.0 = ReleaseLocal 2021|x64
		{0CBD1FDB-1A05-4A7B-8CD9-E9B265F474FA}.ReleaseLocal 2022|x64.ActiveCfg = ReleaseLocal 2022|x64
		{0CBD1FDB-1A05-4A7B-8CD9-E9B265F474FA}.ReleaseLocal 2022|x64.Build.0 = ReleaseLocal 2022|x64
		{888C77B0-A746-40AF-B98A-DBF51B025675}.DebugLocal 2019|x64.ActiveCfg = Debug|Any CPU
		{888C77B0-A746-40AF-B98A-DBF51B025675}.DebugLocal 2019|x64.Build.0 = Debug|Any CPU
		{888C77B0-A746-40AF-B98A-DBF51B025675}.DebugLocal 2021|x64.ActiveCfg = Debug|Any CPU
		{888C77B0-A746-40AF-B98A-DBF51B025675}.DebugLocal 2021|x64.Build.0 = Debug|Any CPU
		{888C77B0-A746-40AF-B98A-DBF51B025675}.ReleaseLocal 2019|x64.ActiveCfg = Release|Any CPU
		{888C77B0-A746-40AF-B98A-DBF51B025675}.ReleaseLocal 2019|x64.Build.0 = Release|Any CPU
		{888C77B0-A746-40AF-B98A-DBF51B025675}.ReleaseLocal 2020|x64.ActiveCfg = Release|Any CPU
		{888C77B0-A746-40AF-B98A-DBF51B025675}.ReleaseLocal 2020|x64.Build.0 = Release|Any CPU
		{888C77B0-A746-40AF-B98A-DBF51B025675}.ReleaseLocal 2021|x64.ActiveCfg = Release|Any CPU
		{888C77B0-A746-40AF-B98A-DBF51B025675}.ReleaseLocal 2021|x64.Build.0 = Release|Any CPU
		{888C77B0-A746-40AF-B98A-DBF51B025675}.ReleaseLocal 2022|x64.ActiveCfg = Release|Any CPU
		{888C77B0-A746-40AF-B98A-DBF51B025675}.ReleaseLocal 2022|x64.Build.0 = Release|Any CPU
		{FA47A4E1-EB61-4C39-A3B6-F7AF9612FD3C}.DebugLocal 2019|x64.ActiveCfg = DebugLocal 2019|x64
		{FA47A4E1-EB61-4C39-A3B6-F7AF9612FD3C}.DebugLocal 2019|x64.Build.0 = DebugLocal 2019|x64
		{FA47A4E1-EB61-4C39-A3B6-F7AF9612FD3C}.DebugLocal 2021|x64.ActiveCfg = DebugLocal 2021|x64
		{FA47A4E1-EB61-4C39-A3B6-F7AF9612FD3C}.DebugLocal 2021|x64.Build.0 = DebugLocal 2021|x64
		{FA47A4E1-EB61-4C39-A3B6-F7AF9612FD3C}.ReleaseLocal 2019|x64.ActiveCfg = ReleaseLocal 2019|x64
		{FA47A4E1-EB61-4C39-A3B6-F7AF9612FD3C}.ReleaseLocal 2019|x64.Build.0 = ReleaseLocal 2019|x64
		{FA47A4E1-EB61-4C39-A3B6-F7AF9612FD3C}.ReleaseLocal 2020|x64.ActiveCfg = ReleaseLocal 2020|x64
		{FA47A4E1-EB61-4C39-A3B6-F7AF9612FD3C}.ReleaseLocal 2020|x64.Build.0 = ReleaseLocal 2020|x64
		{FA47A4E1-EB61-4C39-A3B6-F7AF9612FD3C}.ReleaseLocal 2021|x64.ActiveCfg = ReleaseLocal 2021|x64
		{FA47A4E1-EB61-4C39-A3B6-F7AF9612FD3C}.ReleaseLocal 2021|x64.Build.0 = ReleaseLocal 2021|x64
		{FA47A4E1-EB61-4C39-A3B6-F7AF9612FD3C}.ReleaseLocal 2022|x64.ActiveCfg = ReleaseLocal 2022|x64
		{FA47A4E1-EB61-4C39-A3B6-F7AF9612FD3C}.ReleaseLocal 2022|x64.Build.0 = ReleaseLocal 2022|x64
		{3E2BE099-B47E-43C8-8E75-6F334C8C92DB}.DebugLocal 2019|x64.ActiveCfg = DebugLocal|x64
		{3E2BE099-B47E-43C8-8E75-6F334C8C92DB}.DebugLocal 2019|x64.Build.0 = DebugLocal|x64
		{3E2BE099-B47E-43C8-8E75-6F334C8C92DB}.DebugLocal 2021|x64.ActiveCfg = DebugLocal|x64
		{3E2BE099-B47E-43C8-8E75-6F334C8C92DB}.DebugLocal 2021|x64.Build.0 = DebugLocal|x64
		{3E2BE099-B47E-43C8-8E75-6F334C8C92DB}.ReleaseLocal 2019|x64.ActiveCfg = ReleaseLocal|x64
		{3E2BE099-B47E-43C8-8E75-6F334C8C92DB}.ReleaseLocal 2019|x64.Build.0 = ReleaseLocal|x64
		{3E2BE099-B47E-43C8-8E75-6F334C8C92DB}.ReleaseLocal 2020|x64.ActiveCfg = ReleaseLocal|x64
		{3E2BE099-B47E-43C8-8E75-6F334C8C92DB}.ReleaseLocal 2020|x64.Build.0 = ReleaseLocal|x64
		{3E2BE099-B47E-43C8-8E75-6F334C8C92DB}.ReleaseLocal 2021|x64.ActiveCfg = ReleaseLocal|x64
		{3E2BE099-B47E-43C8-8E75-6F334C8C92DB}.ReleaseLocal 2021|x64.Build.0 = ReleaseLocal|x64
		{3E2BE099-B47E-43C8-8E75-6F334C8C92DB}.ReleaseLocal 2022|x64.ActiveCfg = ReleaseLocal|x64
		{3E2BE099-B47E-43C8-8E75-6F334C8C92DB}.ReleaseLocal 2022|x64.Build.0 = ReleaseLocal|x64
		{45320FBD-54A5-4AC1-A513-A33DCDF7FED5}.DebugLocal 2019|x64.ActiveCfg = DebugLocal|x64
		{45320FBD-54A5-4AC1-A513-A33DCDF7FED5}.DebugLocal 2019|x64.Build.0 = DebugLocal|x64
		{45320FBD-54A5-4AC1-A513-A33DCDF7FED5}.DebugLocal 2021|x64.ActiveCfg = DebugLocal|x64
		{45320FBD-54A5-4AC1-A513-A33DCDF7FED5}.DebugLocal 2021|x64.Build.0 = DebugLocal|x64
		{45320FBD-54A5-4AC1-A513-A33DCDF7FED5}.ReleaseLocal 2019|x64.ActiveCfg = ReleaseLocal|x64
		{45320FBD-54A5-4AC1-A513-A33DCDF7FED5}.ReleaseLocal 2019|x64.Build.0 = ReleaseLocal|x64
		{45320FBD-54A5-4AC1-A513-A33DCDF7FED5}.ReleaseLocal 2020|x64.ActiveCfg = ReleaseLocal|x64
		{45320FBD-54A5-4AC1-A513-A33DCDF7FED5}.ReleaseLocal 2020|x64.Build.0 = ReleaseLocal|x64
		{45320FBD-54A5-4AC1-A513-A33DCDF7FED5}.ReleaseLocal 2021|x64.ActiveCfg = ReleaseLocal|x64
		{45320FBD-54A5-4AC1-A513-A33DCDF7FED5}.ReleaseLocal 2021|x64.Build.0 = ReleaseLocal|x64
		{45320FBD-54A5-4AC1-A513-A33DCDF7FED5}.ReleaseLocal 2022|x64.ActiveCfg = ReleaseLocal|x64
		{45320FBD-54A5-4AC1-A513-A33DCDF7FED5}.ReleaseLocal 2022|x64.Build.0 = ReleaseLocal|x64
		{53FFCC38-9529-46C8-93BC-AC6C5281DAAD}.DebugLocal 2019|x64.ActiveCfg = DebugLocal|x64
		{53FFCC38-9529-46C8-93BC-AC6C5281DAAD}.DebugLocal 2019|x64.Build.0 = DebugLocal|x64
		{53FFCC38-9529-46C8-93BC-AC6C5281DAAD}.DebugLocal 2021|x64.ActiveCfg = DebugLocal|x64
		{53FFCC38-9529-46C8-93BC-AC6C5281DAAD}.DebugLocal 2021|x64.Build.0 = DebugLocal|x64
		{53FFCC38-9529-46C8-93BC-AC6C5281DAAD}.ReleaseLocal 2019|x64.ActiveCfg = ReleaseLocal|x64
		{53FFCC38-9529-46C8-93BC-AC6C5281DAAD}.ReleaseLocal 2019|x64.Build.0 = ReleaseLocal|x64
		{53FFCC38-9529-46C8-93BC-AC6C5281DAAD}.ReleaseLocal 2020|x64.ActiveCfg = ReleaseLocal|x64
		{53FFCC38-9529-46C8-93BC-AC6C5281DAAD}.ReleaseLocal 2020|x64.Build.0 = ReleaseLocal|x64
		{53FFCC38-9529-46C8-93BC-AC6C5281DAAD}.ReleaseLocal 2021|x64.ActiveCfg = ReleaseLocal|x64
		{53FFCC38-9529-46C8-93BC-AC6C5281DAAD}.ReleaseLocal 2021|x64.Build.0 = ReleaseLocal|x64
		{53FFCC38-9529-46C8-93BC-AC6C5281DAAD}.ReleaseLocal 2022|x64.ActiveCfg = ReleaseLocal|x64
		{53FFCC38-9529-46C8-93BC-AC6C5281DAAD}.ReleaseLocal 2022|x64.Build.0 = ReleaseLocal|x64
		{96383118-323C-4A6C-9084-E356DA93F7B1}.DebugLocal 2019|x64.ActiveCfg = DebugLocal|x64
		{96383118-323C-4A6C-9084-E356DA93F7B1}.DebugLocal 2019|x64.Build.0 = DebugLocal|x64
		{96383118-323C-4A6C-9084-E356DA93F7B1}.DebugLocal 2021|x64.ActiveCfg = DebugLocal|x64
		{96383118-323C-4A6C-9084-E356DA93F7B1}.DebugLocal 2021|x64.Build.0 = DebugLocal|x64
		{96383118-323C-4A6C-9084-E356DA93F7B1}.ReleaseLocal 2019|x64.ActiveCfg = ReleaseLocal|x64
		{96383118-323C-4A6C-9084-E356DA93F7B1}.ReleaseLocal 2019|x64.Build.0 = ReleaseLocal|x64
		{96383118-323C-4A6C-9084-E356DA93F7B1}.ReleaseLocal 2020|x64.ActiveCfg = ReleaseLocal|x64
		{96383118-323C-4A6C-9084-E356DA93F7B1}.ReleaseLocal 2020|x64.Build.0 = ReleaseLocal|x64
		{96383118-323C-4A6C-9084-E356DA93F7B1}.ReleaseLocal 2021|x64.ActiveCfg = ReleaseLocal|x64
		{96383118-323C-4A6C-9084-E356DA93F7B1}.ReleaseLocal 2021|x64.Build.0 = ReleaseLocal|x64
		{96383118-323C-4A6C-9084-E356DA93F7B1}.ReleaseLocal 2022|x64.ActiveCfg = ReleaseLocal|x64
		{96383118-323C-4A6C-9084-E356DA93F7B1}.ReleaseLocal 2022|x64.Build.0 = ReleaseLocal|x64
		{0445A55E-8C31-4DC1-96DF-C2C99C95C7CB}.DebugLocal 2019|x64.ActiveCfg = DebugLocal|x64
		{0445A55E-8C31-4DC1-96DF-C2C99C95C7CB}.DebugLocal 2019|x64.Build.0 = DebugLocal|x64
		{0445A55E-8C31-4DC1-96DF-C2C99C95C7CB}.DebugLocal 2021|x64.ActiveCfg = DebugLocal|x64
		{0445A55E-8C31-4DC1-96DF-C2C99C95C7CB}.DebugLocal 2021|x64.Build.0 = DebugLocal|x64
		{0445A55E-8C31-4DC1-96DF-C2C99C95C7CB}.ReleaseLocal 2019|x64.ActiveCfg = ReleaseLocal|x64
		{0445A55E-8C31-4DC1-96DF-C2C99C95C7CB}.ReleaseLocal 2019|x64.Build.0 = ReleaseLocal|x64
		{0445A55E-8C31-4DC1-96DF-C2C99C95C7CB}.ReleaseLocal 2020|x64.ActiveCfg = ReleaseLocal|x64
		{0445A55E-8C31-4DC1-96DF-C2C99C95C7CB}.ReleaseLocal 2020|x64.Build.0 = ReleaseLocal|x64
		{0445A55E-8C31-4DC1-96DF-C2C99C95C7CB}.ReleaseLocal 2021|x64.ActiveCfg = ReleaseLocal|x64
		{0445A55E-8C31-4DC1-96DF-C2C99C95C7CB}.ReleaseLocal 2021|x64.Build.0 = ReleaseLocal|x64
		{0445A55E-8C31-4DC1-96DF-C2C99C95C7CB}.ReleaseLocal 2022|x64.ActiveCfg = ReleaseLocal|x64
		{0445A55E-8C31-4DC1-96DF-C2C99C95C7CB}.ReleaseLocal 2022|x64.Build.0 = ReleaseLocal|x64
		{0A905F9C-78F0-4F0C-9204-5E96F9F4C728}.DebugLocal 2019|x64.ActiveCfg = DebugLocal 2019|x64
		{0A905F9C-78F0-4F0C-9204-5E96F9F4C728}.DebugLocal 2019|x64.Build.0 = DebugLocal 2019|x64
		{0A905F9C-78F0-4F0C-9204-5E96F9F4C728}.DebugLocal 2021|x64.ActiveCfg = DebugLocal 2021|x64
		{0A905F9C-78F0-4F0C-9204-5E96F9F4C728}.DebugLocal 2021|x64.Build.0 = DebugLocal 2021|x64
		{0A905F9C-78F0-4F0C-9204-5E96F9F4C728}.ReleaseLocal 2019|x64.ActiveCfg = ReleaseLocal 2019|x64
		{0A905F9C-78F0-4F0C-9204-5E96F9F4C728}.ReleaseLocal 2019|x64.Build.0 = ReleaseLocal 2019|x64
		{0A905F9C-78F0-4F0C-9204-5E96F9F4C728}.ReleaseLocal 2020|x64.ActiveCfg = ReleaseLocal 2020|x64
		{0A905F9C-78F0-4F0C-9204-5E96F9F4C728}.ReleaseLocal 2020|x64.Build.0 = ReleaseLocal 2020|x64
		{0A905F9C-78F0-4F0C-9204-5E96F9F4C728}.ReleaseLocal 2021|x64.ActiveCfg = ReleaseLocal 2021|x64
		{0A905F9C-78F0-4F0C-9204-5E96F9F4C728}.ReleaseLocal 2021|x64.Build.0 = ReleaseLocal 2021|x64
		{0A905F9C-78F0-4F0C-9204-5E96F9F4C728}.ReleaseLocal 2022|x64.ActiveCfg = ReleaseLocal 2022|x64
		{0A905F9C-78F0-4F0C-9204-5E96F9F4C728}.ReleaseLocal 2022|x64.Build.0 = ReleaseLocal 2022|x64
		{911A9ECC-5AAF-4927-A708-0AF686E05932}.DebugLocal 2019|x64.ActiveCfg = DebugLocal|x64
		{911A9ECC-5AAF-4927-A708-0AF686E05932}.DebugLocal 2019|x64.Build.0 = DebugLocal|x64
		{911A9ECC-5AAF-4927-A708-0AF686E05932}.DebugLocal 2021|x64.ActiveCfg = DebugLocal|x64
		{911A9ECC-5AAF-4927-A708-0AF686E05932}.DebugLocal 2021|x64.Build.0 = DebugLocal|x64
		{911A9ECC-5AAF-4927-A708-0AF686E05932}.ReleaseLocal 2019|x64.ActiveCfg = ReleaseLocal|x64
		{911A9ECC-5AAF-4927-A708-0AF686E05932}.ReleaseLocal 2019|x64.Build.0 = ReleaseLocal|x64
		{911A9ECC-5AAF-4927-A708-0AF686E05932}.ReleaseLocal 2020|x64.ActiveCfg = ReleaseLocal|x64
		{911A9ECC-5AAF-4927-A708-0AF686E05932}.ReleaseLocal 2020|x64.Build.0 = ReleaseLocal|x64
		{911A9ECC-5AAF-4927-A708-0AF686E05932}.ReleaseLocal 2021|x64.ActiveCfg = ReleaseLocal|x64
		{911A9ECC-5AAF-4927-A708-0AF686E05932}.ReleaseLocal 2021|x64.Build.0 = ReleaseLocal|x64
		{911A9ECC-5AAF-4927-A708-0AF686E05932}.ReleaseLocal 2022|x64.ActiveCfg = ReleaseLocal|x64
		{911A9ECC-5AAF-4927-A708-0AF686E05932}.ReleaseLocal 2022|x64.Build.0 = ReleaseLocal|x64
		{BCAD5D2B-5A5C-4F69-A59D-50BE37E572DB}.DebugLocal 2019|x64.ActiveCfg = Debug|Any CPU
		{BCAD5D2B-5A5C-4F69-A59D-50BE37E572DB}.DebugLocal 2019|x64.Build.0 = Debug|Any CPU
		{BCAD5D2B-5A5C-4F69-A59D-50BE37E572DB}.DebugLocal 2021|x64.ActiveCfg = Debug|Any CPU
		{BCAD5D2B-5A5C-4F69-A59D-50BE37E572DB}.DebugLocal 2021|x64.Build.0 = Debug|Any CPU
		{BCAD5D2B-5A5C-4F69-A59D-50BE37E572DB}.ReleaseLocal 2019|x64.ActiveCfg = Release|Any CPU
		{BCAD5D2B-5A5C-4F69-A59D-50BE37E572DB}.ReleaseLocal 2019|x64.Build.0 = Release|Any CPU
		{BCAD5D2B-5A5C-4F69-A59D-50BE37E572DB}.ReleaseLocal 2020|x64.ActiveCfg = Release|Any CPU
		{BCAD5D2B-5A5C-4F69-A59D-50BE37E572DB}.ReleaseLocal 2020|x64.Build.0 = Release|Any CPU
		{BCAD5D2B-5A5C-4F69-A59D-50BE37E572DB}.ReleaseLocal 2021|x64.ActiveCfg = Release|Any CPU
		{BCAD5D2B-5A5C-4F69-A59D-50BE37E572DB}.ReleaseLocal 2021|x64.Build.0 = Release|Any CPU
		{BCAD5D2B-5A5C-4F69-A59D-50BE37E572DB}.ReleaseLocal 2022|x64.ActiveCfg = Release|Any CPU
		{BCAD5D2B-5A5C-4F69-A59D-50BE37E572DB}.ReleaseLocal 2022|x64.Build.0 = Release|Any CPU
		{E036AEBA-B993-4A48-853B-A51C673ED023}.DebugLocal 2019|x64.ActiveCfg = Debug|Any CPU
		{E036AEBA-B993-4A48-853B-A51C673ED023}.DebugLocal 2019|x64.Build.0 = Debug|Any CPU
		{E036AEBA-B993-4A48-853B-A51C673ED023}.DebugLocal 2021|x64.ActiveCfg = Debug|Any CPU
		{E036AEBA-B993-4A48-853B-A51C673ED023}.DebugLocal 2021|x64.Build.0 = Debug|Any CPU
		{E036AEBA-B993-4A48-853B-A51C673ED023}.ReleaseLocal 2019|x64.ActiveCfg = Release|Any CPU
		{E036AEBA-B993-4A48-853B-A51C673ED023}.ReleaseLocal 2019|x64.Build.0 = Release|Any CPU
		{E036AEBA-B993-4A48-853B-A51C673ED023}.ReleaseLocal 2020|x64.ActiveCfg = Release|Any CPU
		{E036AEBA-B993-4A48-853B-A51C673ED023}.ReleaseLocal 2020|x64.Build.0 = Release|Any CPU
		{E036AEBA-B993-4A48-853B-A51C673ED023}.ReleaseLocal 2021|x64.ActiveCfg = Release|Any CPU
		{E036AEBA-B993-4A48-853B-A51C673ED023}.ReleaseLocal 2021|x64.Build.0 = Release|Any CPU
		{E036AEBA-B993-4A48-853B-A51C673ED023}.ReleaseLocal 2022|x64.ActiveCfg = Release|Any CPU
		{E036AEBA-B993-4A48-853B-A51C673ED023}.ReleaseLocal 2022|x64.Build.0 = Release|Any CPU
		{E6989382-8F3C-4201-AB77-F739CC412351}.DebugLocal 2019|x64.ActiveCfg = DebugLocal 2019|x64
		{E6989382-8F3C-4201-AB77-F739CC412351}.DebugLocal 2019|x64.Build.0 = DebugLocal 2019|x64
		{E6989382-8F3C-4201-AB77-F739CC412351}.DebugLocal 2021|x64.ActiveCfg = DebugLocal 2021|x64
		{E6989382-8F3C-4201-AB77-F739CC412351}.DebugLocal 2021|x64.Build.0 = DebugLocal 2021|x64
		{E6989382-8F3C-4201-AB77-F739CC412351}.ReleaseLocal 2019|x64.ActiveCfg = ReleaseLocal 2019|x64
		{E6989382-8F3C-4201-AB77-F739CC412351}.ReleaseLocal 2019|x64.Build.0 = ReleaseLocal 2019|x64
		{E6989382-8F3C-4201-AB77-F739CC412351}.ReleaseLocal 2020|x64.ActiveCfg = ReleaseLocal 2020|x64
		{E6989382-8F3C-4201-AB77-F739CC412351}.ReleaseLocal 2020|x64.Build.0 = ReleaseLocal 2020|x64
		{E6989382-8F3C-4201-AB77-F739CC412351}.ReleaseLocal 2021|x64.ActiveCfg = ReleaseLocal 2021|x64
		{E6989382-8F3C-4201-AB77-F739CC412351}.ReleaseLocal 2021|x64.Build.0 = ReleaseLocal 2021|x64
		{E6989382-8F3C-4201-AB77-F739CC412351}.ReleaseLocal 2022|x64.ActiveCfg = ReleaseLocal 2022|x64
		{E6989382-8F3C-4201-AB77-F739CC412351}.ReleaseLocal 2022|x64.Build.0 = ReleaseLocal 2022|x64
	EndGlobalSection
	GlobalSection(SolutionProperties) = preSolution
		HideSolutionNode = FALSE
	EndGlobalSection
	GlobalSection(NestedProjects) = preSolution
		{A3BFA507-A2C4-4C33-943B-6083133EE63C} = {5C7C0C5D-4AA8-4D36-A0CD-694F138FFA52}
		{AC79C0AE-544A-4CB5-8FB7-665754BDEA9F} = {5C7C0C5D-4AA8-4D36-A0CD-694F138FFA52}
		{1F8281CB-B208-45D3-A8CA-CDED34C48636} = {4A23EDAC-FC39-4E1D-8A80-C8E9023D0E55}
		{4A23EDAC-FC39-4E1D-8A80-C8E9023D0E55} = {5C7C0C5D-4AA8-4D36-A0CD-694F138FFA52}
		{4D333FFB-1A94-441F-BD8E-753277471DA1} = {4E6AA5A3-E1D8-47FA-A656-3DC19971F864}
		{9BF63A2E-9B5F-4E03-B6BD-A29F0A42350C} = {2B35770D-2956-499D-B949-1FC2F03ABEAA}
		{E98AF1DF-EF2B-49CA-8A13-2B549FD7167A} = {93F571F0-26F4-404F-BE33-9323A69D4726}
		{AF782F2C-2CC8-4484-93C3-DC73939B598A} = {2B35770D-2956-499D-B949-1FC2F03ABEAA}
		{0CBD1FDB-1A05-4A7B-8CD9-E9B265F474FA} = {AF782F2C-2CC8-4484-93C3-DC73939B598A}
		{EFA3E9B1-25DD-448D-903B-4755D46377DA} = {93F571F0-26F4-404F-BE33-9323A69D4726}
		{888C77B0-A746-40AF-B98A-DBF51B025675} = {EFA3E9B1-25DD-448D-903B-4755D46377DA}
		{DF127511-4D29-499D-B6DA-7676C84D2433} = {4E6AA5A3-E1D8-47FA-A656-3DC19971F864}
		{FA47A4E1-EB61-4C39-A3B6-F7AF9612FD3C} = {DF127511-4D29-499D-B6DA-7676C84D2433}
		{3E2BE099-B47E-43C8-8E75-6F334C8C92DB} = {27E5137F-425A-4B56-AF32-C73C2B4FA7FC}
		{45320FBD-54A5-4AC1-A513-A33DCDF7FED5} = {93F571F0-26F4-404F-BE33-9323A69D4726}
		{53FFCC38-9529-46C8-93BC-AC6C5281DAAD} = {93F571F0-26F4-404F-BE33-9323A69D4726}
		{96383118-323C-4A6C-9084-E356DA93F7B1} = {27E5137F-425A-4B56-AF32-C73C2B4FA7FC}
		{0445A55E-8C31-4DC1-96DF-C2C99C95C7CB} = {27E5137F-425A-4B56-AF32-C73C2B4FA7FC}
		{0A905F9C-78F0-4F0C-9204-5E96F9F4C728} = {5BFC964C-5177-4A7A-802F-F45232E1C35F}
		{911A9ECC-5AAF-4927-A708-0AF686E05932} = {93F571F0-26F4-404F-BE33-9323A69D4726}
		{BCAD5D2B-5A5C-4F69-A59D-50BE37E572DB} = {93F571F0-26F4-404F-BE33-9323A69D4726}
		{E036AEBA-B993-4A48-853B-A51C673ED023} = {EFA3E9B1-25DD-448D-903B-4755D46377DA}
		{E6989382-8F3C-4201-AB77-F739CC412351} = {2B35770D-2956-499D-B949-1FC2F03ABEAA}
	EndGlobalSection
	GlobalSection(ExtensibilityGlobals) = postSolution
		SolutionGuid = {14409D11-1935-4A87-9CD0-E560716C2FFD}
	EndGlobalSection
EndGlobal
